
Microsoft Visual Studio Solution File, Format Version 12.00
# Visual Studio Version 16
VisualStudioVersion = 16.0.29806.167
MinimumVisualStudioVersion = 10.0.40219.1
Project("{FAE04EC0-301F-11D3-BF4B-00C04F79EFBC}") = "EventSample", "EventSample.csproj", "{921393D9-BFBD-4225-BDCC-D1616707834B}"
EndProject
Global
	GlobalSection(SolutionConfigurationPlatforms) = preSolution
		Debug|Any CPU = Debug|Any CPU
		Release|Any CPU = Release|Any CPU
	EndGlobalSection
	GlobalSection(ProjectConfigurationPlatforms) = postSolution
		{921393D9-BFBD-4225-BDCC-D1616707834B}.Debug|Any CPU.ActiveCfg = Debug|Any CPU
		{921393D9-BFBD-4225-BDCC-D1616707834B}.Debug|Any CPU.Build.0 = Debug|Any CPU
		{921393D9-BFBD-4225-BDCC-D1616707834B}.Release|Any CPU.ActiveCfg = Release|Any CPU
		{921393D9-BFBD-4225-BDCC-D1616707834B}.Release|Any CPU.Build.0 = Release|Any CPU
	EndGlobalSection
	GlobalSection(SolutionProperties) = preSolution
		HideSolutionNode = FALSE
	EndGlobalSection
	GlobalSection(ExtensibilityGlobals) = postSolution
		SolutionGuid = {D3614FF5-633A-43A1-AF98-56CC37844E79}
	EndGlobalSection
EndGlobal
